
Microsoft Visual Studio Solution File, Format Version 12.00
# Visual Studio Version 17
VisualStudioVersion = 17.0.31825.309
MinimumVisualStudioVersion = 10.0.40219.1
Project("{FAE04EC0-301F-11D3-BF4B-00C04F79EFBC}") = "Asymmetrisk kryptering", "Asymmetrisk kryptering\Asymmetrisk kryptering.csproj", "{4852330E-5DFB-4399-BCFA-BDCB31B2B6CD}"
EndProject
Global
	GlobalSection(SolutionConfigurationPlatforms) = preSolution
		Debug|Any CPU = Debug|Any CPU
		Release|Any CPU = Release|Any CPU
	EndGlobalSection
	GlobalSection(ProjectConfigurationPlatforms) = postSolution
		{4852330E-5DFB-4399-BCFA-BDCB31B2B6CD}.Debug|Any CPU.ActiveCfg = Debug|Any CPU
		{4852330E-5DFB-4399-BCFA-BDCB31B2B6CD}.Debug|Any CPU.Build.0 = Debug|Any CPU
		{4852330E-5DFB-4399-BCFA-BDCB31B2B6CD}.Release|Any CPU.ActiveCfg = Release|Any CPU
		{4852330E-5DFB-4399-BCFA-BDCB31B2B6CD}.Release|Any CPU.Build.0 = Release|Any CPU
	EndGlobalSection
	GlobalSection(SolutionProperties) = preSolution
		HideSolutionNode = FALSE
	EndGlobalSection
	GlobalSection(ExtensibilityGlobals) = postSolution
		SolutionGuid = {932050E4-72F3-40C8-9EA5-CA55F435139E}
	EndGlobalSection
EndGlobal
